
Microsoft Visual Studio Solution File, Format Version 12.00
# Visual Studio Version 16
VisualStudioVersion = 16.0.31729.503
MinimumVisualStudioVersion = 10.0.40219.1
Project("{2150E333-8FDC-42A3-9474-1A3956D46DE8}") = "1 - Presentation", "1 - Presentation", "{6FAF6DEF-27A3-42E0-88EA-5095D9140873}"
EndProject
Project("{2150E333-8FDC-42A3-9474-1A3956D46DE8}") = "2 - Modules", "2 - Modules", "{7EF02623-54C3-4594-8B48-43F873E6A30B}"
EndProject
Project("{2150E333-8FDC-42A3-9474-1A3956D46DE8}") = "3 - Building Blocks", "3 - Building Blocks", "{AC12A8EF-1D85-44BC-AFBD-62E8EAAEDA4F}"
EndProject
Project("{9A19103F-16F7-4668-BE54-9A1E7A4F7556}") = "Joyle.API", "Presentation\Joyle.API\Joyle.API.csproj", "{71B0D560-5331-421D-8AA1-E00489A092BC}"
EndProject
Project("{2150E333-8FDC-42A3-9474-1A3956D46DE8}") = "Games", "Games", "{3E7FD6E7-50BD-4063-8763-867F1D7424D6}"
EndProject
Project("{2150E333-8FDC-42A3-9474-1A3956D46DE8}") = "Accounts", "Accounts", "{CF17496C-D94D-4C72-8F9C-63638A77BFBB}"
EndProject
Project("{2150E333-8FDC-42A3-9474-1A3956D46DE8}") = "1 - Application", "1 - Application", "{CCED4F82-831B-4613-8CF5-3394DBF25F53}"
EndProject
Project("{2150E333-8FDC-42A3-9474-1A3956D46DE8}") = "2 - Domain", "2 - Domain", "{F324BCF8-774C-41ED-81AE-0F1AA724EC60}"
EndProject
Project("{2150E333-8FDC-42A3-9474-1A3956D46DE8}") = "3 - Infra", "3 - Infra", "{E38D0981-C3E5-444F-97F1-C18DB0C646D7}"
EndProject
Project("{2150E333-8FDC-42A3-9474-1A3956D46DE8}") = "4 - Tests", "4 - Tests", "{17090598-718B-4F71-913D-3ED5F1CA9FD7}"
EndProject
Project("{2150E333-8FDC-42A3-9474-1A3956D46DE8}") = "1 - Application", "1 - Application", "{A904CA09-EEE7-4AFE-9F26-267F831CD4C5}"
EndProject
Project("{2150E333-8FDC-42A3-9474-1A3956D46DE8}") = "2 - Domain", "2 - Domain", "{F9E12D67-CC9E-43A5-8FB8-074016F5551C}"
EndProject
Project("{2150E333-8FDC-42A3-9474-1A3956D46DE8}") = "3 - Infra", "3 - Infra", "{CE673384-BAE7-4A69-B82F-0CF9965631E5}"
EndProject
Project("{2150E333-8FDC-42A3-9474-1A3956D46DE8}") = "4 - Tests", "4 - Tests", "{3E88458E-33C2-47A2-8655-20885040DB09}"
EndProject
Project("{2150E333-8FDC-42A3-9474-1A3956D46DE8}") = "1 - Application", "1 - Application", "{3596DAE1-1485-403E-A87A-7FE586037E4E}"
EndProject
Project("{2150E333-8FDC-42A3-9474-1A3956D46DE8}") = "2 - Domain", "2 - Domain", "{DBF414FD-E10C-44A3-93FF-4F4A82C8C4CC}"
EndProject
Project("{2150E333-8FDC-42A3-9474-1A3956D46DE8}") = "3 - Infra", "3 - Infra", "{B5EDC5A9-2855-41CF-ADC5-7E9774CCA0FA}"
EndProject
Project("{9A19103F-16F7-4668-BE54-9A1E7A4F7556}") = "Joyle.Accounts.Application", "Modules\Accounts\Joyle.Accounts.Application\Joyle.Accounts.Application.csproj", "{66D83D5D-BCFE-49B3-95F4-D7CE2FA7E990}"
EndProject
Project("{9A19103F-16F7-4668-BE54-9A1E7A4F7556}") = "Joyle.Accounts.Domain", "Modules\Accounts\Joyle.Accounts.Domain\Joyle.Accounts.Domain.csproj", "{821E72FE-B141-4A1E-89B8-E852D702D8FE}"
EndProject
Project("{9A19103F-16F7-4668-BE54-9A1E7A4F7556}") = "Joyle.Accounts.Infra", "Modules\Accounts\Joyle.Accounts.Infra\Joyle.Accounts.Infra.csproj", "{B3182833-7989-4D4D-AB6E-4D2241897915}"
EndProject
Project("{9A19103F-16F7-4668-BE54-9A1E7A4F7556}") = "Joyle.Games.Application", "Modules\Games\Joyle.Games.Application\Joyle.Games.Application.csproj", "{9F20C718-D995-4CAE-85F4-068630400A4F}"
EndProject
Project("{9A19103F-16F7-4668-BE54-9A1E7A4F7556}") = "Joyle.Games.Domain", "Modules\Games\Joyle.Games.Domain\Joyle.Games.Domain.csproj", "{D959EEED-9FAB-41E1-9689-2BDF3AF1CC81}"
EndProject
Project("{9A19103F-16F7-4668-BE54-9A1E7A4F7556}") = "Joyle.Games.Infra", "Modules\Games\Joyle.Games.Infra\Joyle.Games.Infra.csproj", "{1F8DF47D-29EA-4655-8446-00B03B0E571A}"
EndProject
Project("{9A19103F-16F7-4668-BE54-9A1E7A4F7556}") = "Joyle.BuildingBlocks.Application", "Building Blocks\Joyle.BuildingBlocks.Application\Joyle.BuildingBlocks.Application.csproj", "{E5A2136E-3B98-4F1C-93BA-C57A48111AF5}"
EndProject
Project("{9A19103F-16F7-4668-BE54-9A1E7A4F7556}") = "Joyle.BuildingBlocks.Domain", "Building Blocks\Joyle.BuildingBlocks.Domain\Joyle.BuildingBlocks.Domain.csproj", "{D90D60D0-24DF-4614-A4A8-D6C4BB7BB6B5}"
EndProject
Project("{9A19103F-16F7-4668-BE54-9A1E7A4F7556}") = "Joyle.BuildingBlocks.Infra", "Building Blocks\Joyle.BuildingBlocks.Infra\Joyle.BuildingBlocks.Infra.csproj", "{291F9B92-1613-4C78-8488-F3D60EC61942}"
EndProject
Project("{9A19103F-16F7-4668-BE54-9A1E7A4F7556}") = "Joyle.Accounts.Domain.Tests", "Modules\Accounts\Joyle.Accounts.Domain.Tests\Joyle.Accounts.Domain.Tests.csproj", "{34EC1123-8603-4FA1-A8CD-9A550AC5DABE}"
EndProject
Project("{9A19103F-16F7-4668-BE54-9A1E7A4F7556}") = "Joyle.Games.Domain.Tests", "Modules\Games\Joyle.Games.Domain.Tests\Joyle.Games.Domain.Tests.csproj", "{A41D4E7F-A0E3-46AB-81D2-936DF06F5039}"
EndProject
Project("{FAE04EC0-301F-11D3-BF4B-00C04F79EFBC}") = "Joyle.Accounts.Arch.Tests", "Modules\Accounts\Joyle.Accounts.Arch.Tests\Joyle.Accounts.Arch.Tests.csproj", "{A14054AF-B6A7-4392-B1C7-A2DF3E9EAF12}"
EndProject
Global
	GlobalSection(SolutionConfigurationPlatforms) = preSolution
		Debug|Any CPU = Debug|Any CPU
		Release|Any CPU = Release|Any CPU
	EndGlobalSection
	GlobalSection(ProjectConfigurationPlatforms) = postSolution
		{71B0D560-5331-421D-8AA1-E00489A092BC}.Debug|Any CPU.ActiveCfg = Debug|Any CPU
		{71B0D560-5331-421D-8AA1-E00489A092BC}.Debug|Any CPU.Build.0 = Debug|Any CPU
		{71B0D560-5331-421D-8AA1-E00489A092BC}.Release|Any CPU.ActiveCfg = Release|Any CPU
		{71B0D560-5331-421D-8AA1-E00489A092BC}.Release|Any CPU.Build.0 = Release|Any CPU
		{66D83D5D-BCFE-49B3-95F4-D7CE2FA7E990}.Debug|Any CPU.ActiveCfg = Debug|Any CPU
		{66D83D5D-BCFE-49B3-95F4-D7CE2FA7E990}.Debug|Any CPU.Build.0 = Debug|Any CPU
		{66D83D5D-BCFE-49B3-95F4-D7CE2FA7E990}.Release|Any CPU.ActiveCfg = Release|Any CPU
		{66D83D5D-BCFE-49B3-95F4-D7CE2FA7E990}.Release|Any CPU.Build.0 = Release|Any CPU
		{821E72FE-B141-4A1E-89B8-E852D702D8FE}.Debug|Any CPU.ActiveCfg = Debug|Any CPU
		{821E72FE-B141-4A1E-89B8-E852D702D8FE}.Debug|Any CPU.Build.0 = Debug|Any CPU
		{821E72FE-B141-4A1E-89B8-E852D702D8FE}.Release|Any CPU.ActiveCfg = Release|Any CPU
		{821E72FE-B141-4A1E-89B8-E852D702D8FE}.Release|Any CPU.Build.0 = Release|Any CPU
		{B3182833-7989-4D4D-AB6E-4D2241897915}.Debug|Any CPU.ActiveCfg = Debug|Any CPU
		{B3182833-7989-4D4D-AB6E-4D2241897915}.Debug|Any CPU.Build.0 = Debug|Any CPU
		{B3182833-7989-4D4D-AB6E-4D2241897915}.Release|Any CPU.ActiveCfg = Release|Any CPU
		{B3182833-7989-4D4D-AB6E-4D2241897915}.Release|Any CPU.Build.0 = Release|Any CPU
		{9F20C718-D995-4CAE-85F4-068630400A4F}.Debug|Any CPU.ActiveCfg = Debug|Any CPU
		{9F20C718-D995-4CAE-85F4-068630400A4F}.Debug|Any CPU.Build.0 = Debug|Any CPU
		{9F20C718-D995-4CAE-85F4-068630400A4F}.Release|Any CPU.ActiveCfg = Release|Any CPU
		{9F20C718-D995-4CAE-85F4-068630400A4F}.Release|Any CPU.Build.0 = Release|Any CPU
		{D959EEED-9FAB-41E1-9689-2BDF3AF1CC81}.Debug|Any CPU.ActiveCfg = Debug|Any CPU
		{D959EEED-9FAB-41E1-9689-2BDF3AF1CC81}.Debug|Any CPU.Build.0 = Debug|Any CPU
		{D959EEED-9FAB-41E1-9689-2BDF3AF1CC81}.Release|Any CPU.ActiveCfg = Release|Any CPU
		{D959EEED-9FAB-41E1-9689-2BDF3AF1CC81}.Release|Any CPU.Build.0 = Release|Any CPU
		{1F8DF47D-29EA-4655-8446-00B03B0E571A}.Debug|Any CPU.ActiveCfg = Debug|Any CPU
		{1F8DF47D-29EA-4655-8446-00B03B0E571A}.Debug|Any CPU.Build.0 = Debug|Any CPU
		{1F8DF47D-29EA-4655-8446-00B03B0E571A}.Release|Any CPU.ActiveCfg = Release|Any CPU
		{1F8DF47D-29EA-4655-8446-00B03B0E571A}.Release|Any CPU.Build.0 = Release|Any CPU
		{E5A2136E-3B98-4F1C-93BA-C57A48111AF5}.Debug|Any CPU.ActiveCfg = Debug|Any CPU
		{E5A2136E-3B98-4F1C-93BA-C57A48111AF5}.Debug|Any CPU.Build.0 = Debug|Any CPU
		{E5A2136E-3B98-4F1C-93BA-C57A48111AF5}.Release|Any CPU.ActiveCfg = Release|Any CPU
		{E5A2136E-3B98-4F1C-93BA-C57A48111AF5}.Release|Any CPU.Build.0 = Release|Any CPU
		{D90D60D0-24DF-4614-A4A8-D6C4BB7BB6B5}.Debug|Any CPU.ActiveCfg = Debug|Any CPU
		{D90D60D0-24DF-4614-A4A8-D6C4BB7BB6B5}.Debug|Any CPU.Build.0 = Debug|Any CPU
		{D90D60D0-24DF-4614-A4A8-D6C4BB7BB6B5}.Release|Any CPU.ActiveCfg = Release|Any CPU
		{D90D60D0-24DF-4614-A4A8-D6C4BB7BB6B5}.Release|Any CPU.Build.0 = Release|Any CPU
		{291F9B92-1613-4C78-8488-F3D60EC61942}.Debug|Any CPU.ActiveCfg = Debug|Any CPU
		{291F9B92-1613-4C78-8488-F3D60EC61942}.Debug|Any CPU.Build.0 = Debug|Any CPU
		{291F9B92-1613-4C78-8488-F3D60EC61942}.Release|Any CPU.ActiveCfg = Release|Any CPU
		{291F9B92-1613-4C78-8488-F3D60EC61942}.Release|Any CPU.Build.0 = Release|Any CPU
		{34EC1123-8603-4FA1-A8CD-9A550AC5DABE}.Debug|Any CPU.ActiveCfg = Debug|Any CPU
		{34EC1123-8603-4FA1-A8CD-9A550AC5DABE}.Debug|Any CPU.Build.0 = Debug|Any CPU
		{34EC1123-8603-4FA1-A8CD-9A550AC5DABE}.Release|Any CPU.ActiveCfg = Release|Any CPU
		{34EC1123-8603-4FA1-A8CD-9A550AC5DABE}.Release|Any CPU.Build.0 = Release|Any CPU
		{A41D4E7F-A0E3-46AB-81D2-936DF06F5039}.Debug|Any CPU.ActiveCfg = Debug|Any CPU
		{A41D4E7F-A0E3-46AB-81D2-936DF06F5039}.Debug|Any CPU.Build.0 = Debug|Any CPU
		{A41D4E7F-A0E3-46AB-81D2-936DF06F5039}.Release|Any CPU.ActiveCfg = Release|Any CPU
		{A41D4E7F-A0E3-46AB-81D2-936DF06F5039}.Release|Any CPU.Build.0 = Release|Any CPU
		{A14054AF-B6A7-4392-B1C7-A2DF3E9EAF12}.Debug|Any CPU.ActiveCfg = Debug|Any CPU
		{A14054AF-B6A7-4392-B1C7-A2DF3E9EAF12}.Debug|Any CPU.Build.0 = Debug|Any CPU
		{A14054AF-B6A7-4392-B1C7-A2DF3E9EAF12}.Release|Any CPU.ActiveCfg = Release|Any CPU
		{A14054AF-B6A7-4392-B1C7-A2DF3E9EAF12}.Release|Any CPU.Build.0 = Release|Any CPU
	EndGlobalSection
	GlobalSection(SolutionProperties) = preSolution
		HideSolutionNode = FALSE
	EndGlobalSection
	GlobalSection(NestedProjects) = preSolution
		{71B0D560-5331-421D-8AA1-E00489A092BC} = {6FAF6DEF-27A3-42E0-88EA-5095D9140873}
		{3E7FD6E7-50BD-4063-8763-867F1D7424D6} = {7EF02623-54C3-4594-8B48-43F873E6A30B}
		{CF17496C-D94D-4C72-8F9C-63638A77BFBB} = {7EF02623-54C3-4594-8B48-43F873E6A30B}
		{CCED4F82-831B-4613-8CF5-3394DBF25F53} = {3E7FD6E7-50BD-4063-8763-867F1D7424D6}
		{F324BCF8-774C-41ED-81AE-0F1AA724EC60} = {3E7FD6E7-50BD-4063-8763-867F1D7424D6}
		{E38D0981-C3E5-444F-97F1-C18DB0C646D7} = {3E7FD6E7-50BD-4063-8763-867F1D7424D6}
		{17090598-718B-4F71-913D-3ED5F1CA9FD7} = {3E7FD6E7-50BD-4063-8763-867F1D7424D6}
		{A904CA09-EEE7-4AFE-9F26-267F831CD4C5} = {CF17496C-D94D-4C72-8F9C-63638A77BFBB}
		{F9E12D67-CC9E-43A5-8FB8-074016F5551C} = {CF17496C-D94D-4C72-8F9C-63638A77BFBB}
		{CE673384-BAE7-4A69-B82F-0CF9965631E5} = {CF17496C-D94D-4C72-8F9C-63638A77BFBB}
		{3E88458E-33C2-47A2-8655-20885040DB09} = {CF17496C-D94D-4C72-8F9C-63638A77BFBB}
		{3596DAE1-1485-403E-A87A-7FE586037E4E} = {AC12A8EF-1D85-44BC-AFBD-62E8EAAEDA4F}
		{DBF414FD-E10C-44A3-93FF-4F4A82C8C4CC} = {AC12A8EF-1D85-44BC-AFBD-62E8EAAEDA4F}
		{B5EDC5A9-2855-41CF-ADC5-7E9774CCA0FA} = {AC12A8EF-1D85-44BC-AFBD-62E8EAAEDA4F}
		{66D83D5D-BCFE-49B3-95F4-D7CE2FA7E990} = {A904CA09-EEE7-4AFE-9F26-267F831CD4C5}
		{821E72FE-B141-4A1E-89B8-E852D702D8FE} = {F9E12D67-CC9E-43A5-8FB8-074016F5551C}
		{B3182833-7989-4D4D-AB6E-4D2241897915} = {CE673384-BAE7-4A69-B82F-0CF9965631E5}
		{9F20C718-D995-4CAE-85F4-068630400A4F} = {CCED4F82-831B-4613-8CF5-3394DBF25F53}
		{D959EEED-9FAB-41E1-9689-2BDF3AF1CC81} = {F324BCF8-774C-41ED-81AE-0F1AA724EC60}
		{1F8DF47D-29EA-4655-8446-00B03B0E571A} = {E38D0981-C3E5-444F-97F1-C18DB0C646D7}
		{E5A2136E-3B98-4F1C-93BA-C57A48111AF5} = {3596DAE1-1485-403E-A87A-7FE586037E4E}
		{D90D60D0-24DF-4614-A4A8-D6C4BB7BB6B5} = {DBF414FD-E10C-44A3-93FF-4F4A82C8C4CC}
		{291F9B92-1613-4C78-8488-F3D60EC61942} = {B5EDC5A9-2855-41CF-ADC5-7E9774CCA0FA}
		{34EC1123-8603-4FA1-A8CD-9A550AC5DABE} = {3E88458E-33C2-47A2-8655-20885040DB09}
		{A41D4E7F-A0E3-46AB-81D2-936DF06F5039} = {17090598-718B-4F71-913D-3ED5F1CA9FD7}
		{A14054AF-B6A7-4392-B1C7-A2DF3E9EAF12} = {3E88458E-33C2-47A2-8655-20885040DB09}
	EndGlobalSection
	GlobalSection(ExtensibilityGlobals) = postSolution
		SolutionGuid = {9D83920C-F7E2-4353-89B5-CD6B9AFF051F}
	EndGlobalSection
EndGlobal
